// !$*UTF8*$!
{
	archiveVersion = 1;
	classes = {
	};
	objectVersion = 46;
	objects = {

/* Begin PBXBuildFile section */
		A6815F941E96255800AC37E6 /* AppDelegate.swift in Sources */ = {isa = PBXBuildFile; fileRef = A6815F931E96255800AC37E6 /* AppDelegate.swift */; };
		A6815F961E96255800AC37E6 /* ViewController.swift in Sources */ = {isa = PBXBuildFile; fileRef = A6815F951E96255800AC37E6 /* ViewController.swift */; };
		A6815F991E96255800AC37E6 /* Main.storyboard in Resources */ = {isa = PBXBuildFile; fileRef = A6815F971E96255800AC37E6 /* Main.storyboard */; };
		A6815F9B1E96255800AC37E6 /* Assets.xcassets in Resources */ = {isa = PBXBuildFile; fileRef = A6815F9A1E96255800AC37E6 /* Assets.xcassets */; };
		A6815F9E1E96255800AC37E6 /* LaunchScreen.storyboard in Resources */ = {isa = PBXBuildFile; fileRef = A6815F9C1E96255800AC37E6 /* LaunchScreen.storyboard */; };
		A6815FA61E9625C100AC37E6 /* SongsViewController.swift in Sources */ = {isa = PBXBuildFile; fileRef = A6815FA51E9625C100AC37E6 /* SongsViewController.swift */; };
/* End PBXBuildFile section */

/* Begin PBXFileReference section */
		A6815F901E96255800AC37E6 /* BackToFirstPage.app */ = {isa = PBXFileReference; explicitFileType = wrapper.application; includeInIndex = 0; path = BackToFirstPage.app; sourceTree = BUILT_PRODUCTS_DIR; };
		A6815F931E96255800AC37E6 /* AppDelegate.swift */ = {isa = PBXFileReference; lastKnownFileType = sourcecode.swift; path = AppDelegate.swift; sourceTree = "<group>"; };
		A6815F951E96255800AC37E6 /* ViewController.swift */ = {isa = PBXFileReference; lastKnownFileType = sourcecode.swift; path = ViewController.swift; sourceTree = "<group>"; };
		A6815F981E96255800AC37E6 /* Base */ = {isa = PBXFileReference; lastKnownFileType = file.storyboard; name = Base; path = Base.lproj/Main.storyboard; sourceTree = "<group>"; };
		A6815F9A1E96255800AC37E6 /* Assets.xcassets */ = {isa = PBXFileReference; lastKnownFileType = folder.assetcatalog; path = Assets.xcassets; sourceTree = "<group>"; };
		A6815F9D1E96255800AC37E6 /* Base */ = {isa = PBXFileReference; lastKnownFileType = file.storyboard; name = Base; path = Base.lproj/LaunchScreen.storyboard; sourceTree = "<group>"; };
		A6815F9F1E96255800AC37E6 /* Info.plist */ = {isa = PBXFileReference; lastKnownFileType = text.plist.xml; path = Info.plist; sourceTree = "<group>"; };
		A6815FA51E9625C100AC37E6 /* SongsViewController.swift */ = {isa = PBXFileReference; fileEncoding = 4; lastKnownFileType = sourcecode.swift; path = SongsViewController.swift; sourceTree = "<group>"; };
/* End PBXFileReference section */

/* Begin PBXFrameworksBuildPhase section */
		A6815F8D1E96255800AC37E6 /* Frameworks */ = {
			isa = PBXFrameworksBuildPhase;
			buildActionMask = 2147483647;
			files = (
			);
			runOnlyForDeploymentPostprocessing = 0;
		};
/* End PBXFrameworksBuildPhase section */

/* Begin PBXGroup section */
		A6815F871E96255800AC37E6 = {
			isa = PBXGroup;
			children = (
				A6815F921E96255800AC37E6 /* BackToFirstPage */,
				A6815F911E96255800AC37E6 /* Products */,
			);
			sourceTree = "<group>";
		};
		A6815F911E96255800AC37E6 /* Products */ = {
			isa = PBXGroup;
			children = (
				A6815F901E96255800AC37E6 /* BackToFirstPage.app */,
			);
			name = Products;
			sourceTree = "<group>";
		};
		A6815F921E96255800AC37E6 /* BackToFirstPage */ = {
			isa = PBXGroup;
			children = (
				A6815F931E96255800AC37E6 /* AppDelegate.swift */,
				A6815F951E96255800AC37E6 /* ViewController.swift */,
				A6815F971E96255800AC37E6 /* Main.storyboard */,
				A6815F9A1E96255800AC37E6 /* Assets.xcassets */,
				A6815F9C1E96255800AC37E6 /* LaunchScreen.storyboard */,
				A6815F9F1E96255800AC37E6 /* Info.plist */,
				A6815FA51E9625C100AC37E6 /* SongsViewController.swift */,
			);
			path = BackToFirstPage;
			sourceTree = "<group>";
		};
/* End PBXGroup section */

/* Begin PBXNativeTarget section */
		A6815F8F1E96255800AC37E6 /* BackToFirstPage */ = {
			isa = PBXNativeTarget;
			buildConfigurationList = A6815FA21E96255800AC37E6 /* Build configuration list for PBXNativeTarget "BackToFirstPage" */;
			buildPhases = (
				A6815F8C1E96255800AC37E6 /* Sources */,
				A6815F8D1E96255800AC37E6 /* Frameworks */,
				A6815F8E1E96255800AC37E6 /* Resources */,
			);
			buildRules = (
			);
			dependencies = (
			);
			name = BackToFirstPage;
			productName = BackToFirstPage;
			productReference = A6815F901E96255800AC37E6 /* BackToFirstPage.app */;
			productType = "com.apple.product-type.application";
		};
/* End PBXNativeTarget section */

/* Begin PBXProject section */
		A6815F881E96255800AC37E6 /* Project object */ = {
			isa = PBXProject;
			attributes = {
				LastSwiftUpdateCheck = 0830;
				LastUpgradeCheck = 0830;
				ORGANIZATIONNAME = "Peter Pan";
				TargetAttributes = {
					A6815F8F1E96255800AC37E6 = {
						CreatedOnToolsVersion = 8.3;
						ProvisioningStyle = Automatic;
					};
				};
			};
			buildConfigurationList = A6815F8B1E96255800AC37E6 /* Build configuration list for PBXProject "BackToFirstPage" */;
			compatibilityVersion = "Xcode 3.2";
			developmentRegion = English;
			hasScannedForEncodings = 0;
			knownRegions = (
				en,
				Base,
			);
			mainGroup = A6815F871E96255800AC37E6;
			productRefGroup = A6815F911E96255800AC37E6 /* Products */;
			projectDirPath = "";
			projectRoot = "";
			targets = (
				A6815F8F1E96255800AC37E6 /* BackToFirstPage */,
			);
		};
/* End PBXProject section */

/* Begin PBXResourcesBuildPhase section */
		A6815F8E1E96255800AC37E6 /* Resources */ = {
			isa = PBXResourcesBuildPhase;
			buildActionMask = 2147483647;
			files = (
				A6815F9E1E96255800AC37E6 /* LaunchScreen.storyboard in Resources */,
				A6815F9B1E96255800AC37E6 /* Assets.xcassets in Resources */,
				A6815F991E96255800AC37E6 /* Main.storyboard in Resources */,
			);
			runOnlyForDeploymentPostprocessing = 0;
		};
/* End PBXResourcesBuildPhase section */

/* Begin PBXSourcesBuildPhase section */
		A6815F8C1E96255800AC37E6 /* Sources */ = {
			isa = PBXSourcesBuildPhase;
			buildActionMask = 2147483647;
			files = (
				A6815F961E96255800AC37E6 /* ViewController.swift in Sources */,
				A6815FA61E9625C100AC37E6 /* SongsViewController.swift in Sources */,
				A6815F941E96255800AC37E6 /* AppDelegate.swift in Sources */,
			);
			runOnlyForDeploymentPostprocessing = 0;
		};
/* End PBXSourcesBuildPhase section */

/* Begin PBXVariantGroup section */
		A6815F971E96255800AC37E6 /* Main.storyboard */ = {
			isa = PBXVariantGroup;
			children = (
				A6815F981E96255800AC37E6 /* Base */,
			);
			name = Main.storyboard;
			sourceTree = "<group>";
		};
		A6815F9C1E96255800AC37E6 /* LaunchScreen.storyboard */ = {
			isa = PBXVariantGroup;
			children = (
				A6815F9D1E96255800AC37E6 /* Base */,
			);
			name = LaunchScreen.storyboard;
			sourceTree = "<group>";
		};
/* End PBXVariantGroup section */

/* Begin XCBuildConfiguration section */
		A6815FA01E96255800AC37E6 /* Debug */ = {
			isa = XCBuildConfiguration;
			buildSettings = {
				ALWAYS_SEARCH_USER_PATHS = NO;
				CLANG_ANALYZER_NONNULL = YES;
				CLANG_ANALYZER_NUMBER_OBJECT_CONVERSION = YES_AGGRESSIVE;
				CLANG_CXX_LANGUAGE_STANDARD = "gnu++0x";
				CLANG_CXX_LIBRARY = "libc++";
				CLANG_ENABLE_MODULES = YES;
				CLANG_ENABLE_OBJC_ARC = YES;
				CLANG_WARN_BOOL_CONVERSION = YES;
				CLANG_WARN_CONSTANT_CONVERSION = YES;
				CLANG_WARN_DIRECT_OBJC_ISA_USAGE = YES_ERROR;
				CLANG_WARN_DOCUMENTATION_COMMENTS = YES;
				CLANG_WARN_EMPTY_BODY = YES;
				CLANG_WARN_ENUM_CONVERSION = YES;
				CLANG_WARN_INFINITE_RECURSION = YES;
				CLANG_WARN_INT_CONVERSION = YES;
				CLANG_WARN_OBJC_ROOT_CLASS = YES_ERROR;
				CLANG_WARN_SUSPICIOUS_MOVE = YES;
				CLANG_WARN_UNREACHABLE_CODE = YES;
				CLANG_WARN__DUPLICATE_METHOD_MATCH = YES;
				"CODE_SIGN_IDENTITY[sdk=iphoneos*]" = "iPhone Developer";
				COPY_PHASE_STRIP = NO;
				DEBUG_INFORMATION_FORMAT = dwarf;
				ENABLE_STRICT_OBJC_MSGSEND = YES;
				ENABLE_TESTABILITY = YES;
				GCC_C_LANGUAGE_STANDARD = gnu99;
				GCC_DYNAMIC_NO_PIC = NO;
				GCC_NO_COMMON_BLOCKS = YES;
				GCC_OPTIMIZATION_LEVEL = 0;
				GCC_PREPROCESSOR_DEFINITIONS = (
					"DEBUG=1",
					"$(inherited)",
				);
				GCC_WARN_64_TO_32_BIT_CONVERSION = YES;
				GCC_WARN_ABOUT_RETURN_TYPE = YES_ERROR;
				GCC_WARN_UNDECLARED_SELECTOR = YES;
				GCC_WARN_UNINITIALIZED_AUTOS = YES_AGGRESSIVE;
				GCC_WARN_UNUSED_FUNCTION = YES;
				GCC_WARN_UNUSED_VARIABLE = YES;
				IPHONEOS_DEPLOYMENT_TARGET = 10.3;
				MTL_ENABLE_DEBUG_INFO = YES;
				ONLY_ACTIVE_ARCH = YES;
				SDKROOT = iphoneos;
				SWIFT_ACTIVE_COMPILATION_CONDITIONS = DEBUG;
				SWIFT_OPTIMIZATION_LEVEL = "-Onone";
			};
			name = Debug;
		};
		A6815FA11E96255800AC37E6 /* Release */ = {
			isa = XCBuildConfiguration;
			buildSettings = {
				ALWAYS_SEARCH_USER_PATHS = NO;
				CLANG_ANALYZER_NONNULL = YES;
				CLANG_ANALYZER_NUMBER_OBJECT_CONVERSION = YES_AGGRESSIVE;
				CLANG_CXX_LANGUAGE_STANDARD = "gnu++0x";
				CLANG_CXX_LIBRARY = "libc++";
				CLANG_ENABLE_MODULES = YES;
				CLANG_ENABLE_OBJC_ARC = YES;
				CLANG_WARN_BOOL_CONVERSION = YES;
				CLANG_WARN_CONSTANT_CONVERSION = YES;
				CLANG_WARN_DIRECT_OBJC_ISA_USAGE = YES_ERROR;
				CLANG_WARN_DOCUMENTATION_COMMENTS = YES;
				CLANG_WARN_EMPTY_BODY = YES;
				CLANG_WARN_ENUM_CONVERSION = YES;
				CLANG_WARN_INFINITE_RECURSION = YES;
				CLANG_WARN_INT_CONVERSION = YES;
				CLANG_WARN_OBJC_ROOT_CLASS = YES_ERROR;
				CLANG_WARN_SUSPICIOUS_MOVE = YES;
				CLANG_WARN_UNREACHABLE_CODE = YES;
				CLANG_WARN__DUPLICATE_METHOD_MATCH = YES;
				"CODE_SIGN_IDENTITY[sdk=iphoneos*]" = "iPhone Developer";
				COPY_PHASE_STRIP = NO;
				DEBUG_INFORMATION_FORMAT = "dwarf-with-dsym";
				ENABLE_NS_ASSERTIONS = NO;
				ENABLE_STRICT_OBJC_MSGSEND = YES;
				GCC_C_LANGUAGE_STANDARD = gnu99;
				GCC_NO_COMMON_BLOCKS = YES;
				GCC_WARN_64_TO_32_BIT_CONVERSION = YES;
				GCC_WARN_ABOUT_RETURN_TYPE = YES_ERROR;
				GCC_WARN_UNDECLARED_SELECTOR = YES;
				GCC_WARN_UNINITIALIZED_AUTOS = YES_AGGRESSIVE;
				GCC_WARN_UNUSED_FUNCTION = YES;
				GCC_WARN_UNUSED_VARIABLE = YES;
				IPHONEOS_DEPLOYMENT_TARGET = 10.3;
				MTL_ENABLE_DEBUG_INFO = NO;
				SDKROOT = iphoneos;
				SWIFT_OPTIMIZATION_LEVEL = "-Owholemodule";
				VALIDATE_PRODUCT = YES;
			};
			name = Release;
		};
		A6815FA31E96255800AC37E6 /* Debug */ = {
			isa = XCBuildConfiguration;
			buildSettings = {
				ASSETCATALOG_COMPILER_APPICON_NAME = AppIcon;
				INFOPLIST_FILE = BackToFirstPage/Info.plist;
				LD_RUNPATH_SEARCH_PATHS = "$(inherited) @executable_path/Frameworks";
				PRODUCT_BUNDLE_IDENTIFIER = com.peter.BackToFirstPage;
				PRODUCT_NAME = "$(TARGET_NAME)";
				SWIFT_VERSION = 3.0;
			};
			name = Debug;
		};
		A6815FA41E96255800AC37E6 /* Release */ = {
			isa = XCBuildConfiguration;
			buildSettings = {
				ASSETCATALOG_COMPILER_APPICON_NAME = AppIcon;
				INFOPLIST_FILE = BackToFirstPage/Info.plist;
				LD_RUNPATH_SEARCH_PATHS = "$(inherited) @executable_path/Frameworks";
				PRODUCT_BUNDLE_IDENTIFIER = com.peter.BackToFirstPage;
				PRODUCT_NAME = "$(TARGET_NAME)";
				SWIFT_VERSION = 3.0;
			};
			name = Release;
		};
/* End XCBuildConfiguration section */

/* Begin XCConfigurationList section */
		A6815F8B1E96255800AC37E6 /* Build configuration list for PBXProject "BackToFirstPage" */ = {
			isa = XCConfigurationList;
			buildConfigurations = (
				A6815FA01E96255800AC37E6 /* Debug */,
				A6815FA11E96255800AC37E6 /* Release */,
			);
			defaultConfigurationIsVisible = 0;
			defaultConfigurationName = Release;
		};
		A6815FA21E96255800AC37E6 /* Build configuration list for PBXNativeTarget "BackToFirstPage" */ = {
			isa = XCConfigurationList;
			buildConfigurations = (
				A6815FA31E96255800AC37E6 /* Debug */,
				A6815FA41E96255800AC37E6 /* Release */,
			);
			defaultConfigurationIsVisible = 0;
		};
/* End XCConfigurationList section */
	};
	rootObject = A6815F881E96255800AC37E6 /* Project object */;
}
